
Microsoft Visual Studio Solution File, Format Version 12.00
# Visual Studio 15
VisualStudioVersion = 15.0.27428.1
MinimumVisualStudioVersion = 10.0.40219.1
Project("{FAE04EC0-301F-11D3-BF4B-00C04F79EFBC}") = "Scavenger.GUI", "Scavenger.GUI\Scavenger.GUI.csproj", "{D336CC74-211F-4CD5-AB0A-F685E71C4D4B}"
EndProject
Project("{FAE04EC0-301F-11D3-BF4B-00C04F79EFBC}") = "Scavenger", "Scavenger\Scavenger.csproj", "{8F37F684-714F-4F94-8D6C-F1EF350A8906}"
EndProject
Global
	GlobalSection(SolutionConfigurationPlatforms) = preSolution
		Debug|Any CPU = Debug|Any CPU
		Release|Any CPU = Release|Any CPU
	EndGlobalSection
	GlobalSection(ProjectConfigurationPlatforms) = postSolution
		{D336CC74-211F-4CD5-AB0A-F685E71C4D4B}.Debug|Any CPU.ActiveCfg = Debug|Any CPU
		{D336CC74-211F-4CD5-AB0A-F685E71C4D4B}.Debug|Any CPU.Build.0 = Debug|Any CPU
		{D336CC74-211F-4CD5-AB0A-F685E71C4D4B}.Release|Any CPU.ActiveCfg = Release|Any CPU
		{D336CC74-211F-4CD5-AB0A-F685E71C4D4B}.Release|Any CPU.Build.0 = Release|Any CPU
		{8F37F684-714F-4F94-8D6C-F1EF350A8906}.Debug|Any CPU.ActiveCfg = Debug|Any CPU
		{8F37F684-714F-4F94-8D6C-F1EF350A8906}.Debug|Any CPU.Build.0 = Debug|Any CPU
		{8F37F684-714F-4F94-8D6C-F1EF350A8906}.Release|Any CPU.ActiveCfg = Release|Any CPU
		{8F37F684-714F-4F94-8D6C-F1EF350A8906}.Release|Any CPU.Build.0 = Release|Any CPU
	EndGlobalSection
	GlobalSection(SolutionProperties) = preSolution
		HideSolutionNode = FALSE
	EndGlobalSection
	GlobalSection(ExtensibilityGlobals) = postSolution
		SolutionGuid = {0D29347E-711D-4B44-BF44-ECC94BBF6E5E}
	EndGlobalSection
EndGlobal
